
Microsoft Visual Studio Solution File, Format Version 12.00
# Visual Studio Version 16
VisualStudioVersion = 16.0.31205.134
MinimumVisualStudioVersion = 10.0.40219.1
Project("{FAE04EC0-301F-11D3-BF4B-00C04F79EFBC}") = "CarRentalsSystem", "CarRentalsSystem.csproj", "{1F9B6B8B-A3E8-4D0E-A24B-20985E2641D2}"
EndProject
Global
	GlobalSection(SolutionConfigurationPlatforms) = preSolution
		Debug|Any CPU = Debug|Any CPU
		Release|Any CPU = Release|Any CPU
	EndGlobalSection
	GlobalSection(ProjectConfigurationPlatforms) = postSolution
		{1F9B6B8B-A3E8-4D0E-A24B-20985E2641D2}.Debug|Any CPU.ActiveCfg = Debug|Any CPU
		{1F9B6B8B-A3E8-4D0E-A24B-20985E2641D2}.Debug|Any CPU.Build.0 = Debug|Any CPU
		{1F9B6B8B-A3E8-4D0E-A24B-20985E2641D2}.Release|Any CPU.ActiveCfg = Release|Any CPU
		{1F9B6B8B-A3E8-4D0E-A24B-20985E2641D2}.Release|Any CPU.Build.0 = Release|Any CPU
	EndGlobalSection
	GlobalSection(SolutionProperties) = preSolution
		HideSolutionNode = FALSE
	EndGlobalSection
	GlobalSection(ExtensibilityGlobals) = postSolution
		SolutionGuid = {BF5615BF-B5F0-4114-893A-8393E4403B27}
	EndGlobalSection
EndGlobal
